
Microsoft Visual Studio Solution File, Format Version 12.00
# Visual Studio 14
VisualStudioVersion = 14.0.24720.0
MinimumVisualStudioVersion = 10.0.40219.1
Project("{FAE04EC0-301F-11D3-BF4B-00C04F79EFBC}") = "AgilaMetoderProjekt", "AgilaMetoderProjekt\AgilaMetoderProjekt.csproj", "{5C2E2241-2EAC-457A-A988-CBEDA661F4E9}"
EndProject
Project("{FAE04EC0-301F-11D3-BF4B-00C04F79EFBC}") = "ScratchPadLibrary", "ScratchPadLibrary\ScratchPadLibrary.csproj", "{71061D56-B99C-4DF7-8B5D-0DD8AFF5E819}"
EndProject
Project("{FAE04EC0-301F-11D3-BF4B-00C04F79EFBC}") = "Webbsida", "Webbsida\Webbsida.csproj", "{44B70D27-7A2C-40D1-80D4-F2AFFA20A0CA}"
EndProject
Project("{FAE04EC0-301F-11D3-BF4B-00C04F79EFBC}") = "DatabaseObjects", "DatabaseObjects\DatabaseObjects.csproj", "{CA371E0E-8CE3-4E02-BB2D-5782C86FF8C2}"
EndProject
Global
	GlobalSection(SolutionConfigurationPlatforms) = preSolution
		Debug|Any CPU = Debug|Any CPU
		Release|Any CPU = Release|Any CPU
	EndGlobalSection
	GlobalSection(ProjectConfigurationPlatforms) = postSolution
		{5C2E2241-2EAC-457A-A988-CBEDA661F4E9}.Debug|Any CPU.ActiveCfg = Debug|Any CPU
		{5C2E2241-2EAC-457A-A988-CBEDA661F4E9}.Debug|Any CPU.Build.0 = Debug|Any CPU
		{5C2E2241-2EAC-457A-A988-CBEDA661F4E9}.Release|Any CPU.ActiveCfg = Release|Any CPU
		{5C2E2241-2EAC-457A-A988-CBEDA661F4E9}.Release|Any CPU.Build.0 = Release|Any CPU
		{71061D56-B99C-4DF7-8B5D-0DD8AFF5E819}.Debug|Any CPU.ActiveCfg = Debug|Any CPU
		{71061D56-B99C-4DF7-8B5D-0DD8AFF5E819}.Debug|Any CPU.Build.0 = Debug|Any CPU
		{71061D56-B99C-4DF7-8B5D-0DD8AFF5E819}.Release|Any CPU.ActiveCfg = Release|Any CPU
		{71061D56-B99C-4DF7-8B5D-0DD8AFF5E819}.Release|Any CPU.Build.0 = Release|Any CPU
		{44B70D27-7A2C-40D1-80D4-F2AFFA20A0CA}.Debug|Any CPU.ActiveCfg = Debug|Any CPU
		{44B70D27-7A2C-40D1-80D4-F2AFFA20A0CA}.Debug|Any CPU.Build.0 = Debug|Any CPU
		{44B70D27-7A2C-40D1-80D4-F2AFFA20A0CA}.Release|Any CPU.ActiveCfg = Release|Any CPU
		{44B70D27-7A2C-40D1-80D4-F2AFFA20A0CA}.Release|Any CPU.Build.0 = Release|Any CPU
		{CA371E0E-8CE3-4E02-BB2D-5782C86FF8C2}.Debug|Any CPU.ActiveCfg = Debug|Any CPU
		{CA371E0E-8CE3-4E02-BB2D-5782C86FF8C2}.Debug|Any CPU.Build.0 = Debug|Any CPU
		{CA371E0E-8CE3-4E02-BB2D-5782C86FF8C2}.Release|Any CPU.ActiveCfg = Release|Any CPU
		{CA371E0E-8CE3-4E02-BB2D-5782C86FF8C2}.Release|Any CPU.Build.0 = Release|Any CPU
	EndGlobalSection
	GlobalSection(SolutionProperties) = preSolution
		HideSolutionNode = FALSE
	EndGlobalSection
EndGlobal
